// !$*UTF8*$!
{
	archiveVersion = 1;
	classes = {
	};
	objectVersion = 50;
	objects = {

/* Begin PBXBuildFile section */
		867BD99A23313CBB00B17773 /* AppDelegate.swift in Sources */ = {isa = PBXBuildFile; fileRef = 867BD99923313CBB00B17773 /* AppDelegate.swift */; };
		867BD9A123313CBC00B17773 /* Assets.xcassets in Resources */ = {isa = PBXBuildFile; fileRef = 867BD9A023313CBC00B17773 /* Assets.xcassets */; };
		867BD9A423313CBC00B17773 /* LaunchScreen.storyboard in Resources */ = {isa = PBXBuildFile; fileRef = 867BD9A223313CBC00B17773 /* LaunchScreen.storyboard */; };
		867BD9B223313EBF00B17773 /* PersonDetailViewController.swift in Sources */ = {isa = PBXBuildFile; fileRef = 867BD9B123313EBF00B17773 /* PersonDetailViewController.swift */; };
		867BD9B423313EE400B17773 /* PeopleListViewController.swift in Sources */ = {isa = PBXBuildFile; fileRef = 867BD9B323313EE400B17773 /* PeopleListViewController.swift */; };
		867BD9B623313F6F00B17773 /* PersonDetailView.storyboard in Resources */ = {isa = PBXBuildFile; fileRef = 867BD9B523313F6F00B17773 /* PersonDetailView.storyboard */; };
		867BD9B82331406200B17773 /* PersonController.swift in Sources */ = {isa = PBXBuildFile; fileRef = 867BD9B72331406200B17773 /* PersonController.swift */; };
		867BD9BA2331428A00B17773 /* Main.storyboard in Resources */ = {isa = PBXBuildFile; fileRef = 867BD9B92331428A00B17773 /* Main.storyboard */; };
		A57104852331453600D9BF88 /* Person.swift in Sources */ = {isa = PBXBuildFile; fileRef = A57104842331453600D9BF88 /* Person.swift */; };
/* End PBXBuildFile section */

/* Begin PBXFileReference section */
		867BD99623313CBB00B17773 /* AboutMePersonal.app */ = {isa = PBXFileReference; explicitFileType = wrapper.application; includeInIndex = 0; path = AboutMePersonal.app; sourceTree = BUILT_PRODUCTS_DIR; };
		867BD99923313CBB00B17773 /* AppDelegate.swift */ = {isa = PBXFileReference; lastKnownFileType = sourcecode.swift; path = AppDelegate.swift; sourceTree = "<group>"; };
		867BD9A023313CBC00B17773 /* Assets.xcassets */ = {isa = PBXFileReference; lastKnownFileType = folder.assetcatalog; path = Assets.xcassets; sourceTree = "<group>"; };
		867BD9A323313CBC00B17773 /* Base */ = {isa = PBXFileReference; lastKnownFileType = file.storyboard; name = Base; path = Base.lproj/LaunchScreen.storyboard; sourceTree = "<group>"; };
		867BD9A523313CBC00B17773 /* Info.plist */ = {isa = PBXFileReference; lastKnownFileType = text.plist.xml; path = Info.plist; sourceTree = "<group>"; };
		867BD9B123313EBF00B17773 /* PersonDetailViewController.swift */ = {isa = PBXFileReference; lastKnownFileType = sourcecode.swift; path = PersonDetailViewController.swift; sourceTree = "<group>"; };
		867BD9B323313EE400B17773 /* PeopleListViewController.swift */ = {isa = PBXFileReference; lastKnownFileType = sourcecode.swift; path = PeopleListViewController.swift; sourceTree = "<group>"; };
		867BD9B523313F6F00B17773 /* PersonDetailView.storyboard */ = {isa = PBXFileReference; lastKnownFileType = file.storyboard; path = PersonDetailView.storyboard; sourceTree = "<group>"; };
		867BD9B72331406200B17773 /* PersonController.swift */ = {isa = PBXFileReference; lastKnownFileType = sourcecode.swift; path = PersonController.swift; sourceTree = "<group>"; };
		867BD9B92331428A00B17773 /* Main.storyboard */ = {isa = PBXFileReference; lastKnownFileType = file.storyboard; path = Main.storyboard; sourceTree = "<group>"; };
		A57104842331453600D9BF88 /* Person.swift */ = {isa = PBXFileReference; lastKnownFileType = sourcecode.swift; path = Person.swift; sourceTree = SOURCE_ROOT; };
/* End PBXFileReference section */

/* Begin PBXFrameworksBuildPhase section */
		867BD99323313CBB00B17773 /* Frameworks */ = {
			isa = PBXFrameworksBuildPhase;
			buildActionMask = 2147483647;
			files = (
			);
			runOnlyForDeploymentPostprocessing = 0;
		};
/* End PBXFrameworksBuildPhase section */

/* Begin PBXGroup section */
		867BD98D23313CBB00B17773 = {
			isa = PBXGroup;
			children = (
				867BD99823313CBB00B17773 /* AboutMePersonal */,
				867BD99723313CBB00B17773 /* Products */,
			);
			sourceTree = "<group>";
		};
		867BD99723313CBB00B17773 /* Products */ = {
			isa = PBXGroup;
			children = (
				867BD99623313CBB00B17773 /* AboutMePersonal.app */,
			);
			name = Products;
			sourceTree = "<group>";
		};
		867BD99823313CBB00B17773 /* AboutMePersonal */ = {
			isa = PBXGroup;
			children = (
				867BD9AC23313DDA00B17773 /* Storyboards */,
				867BD9AF23313DF000B17773 /* Models */,
				867BD9B023313DF400B17773 /* Model Controllers */,
				867BD9AD23313DE100B17773 /* View Controllers */,
				867BD9AB23313D3500B17773 /* Resources */,
			);
			path = AboutMePersonal;
			sourceTree = "<group>";
		};
		867BD9AB23313D3500B17773 /* Resources */ = {
			isa = PBXGroup;
			children = (
				867BD99923313CBB00B17773 /* AppDelegate.swift */,
				867BD9A023313CBC00B17773 /* Assets.xcassets */,
				867BD9A523313CBC00B17773 /* Info.plist */,
			);
			path = Resources;
			sourceTree = "<group>";
		};
		867BD9AC23313DDA00B17773 /* Storyboards */ = {
			isa = PBXGroup;
			children = (
				867BD9A223313CBC00B17773 /* LaunchScreen.storyboard */,
				867BD9B523313F6F00B17773 /* PersonDetailView.storyboard */,
				867BD9B92331428A00B17773 /* Main.storyboard */,
			);
			path = Storyboards;
			sourceTree = "<group>";
		};
		867BD9AD23313DE100B17773 /* View Controllers */ = {
			isa = PBXGroup;
			children = (
				867BD9AE23313DEB00B17773 /* Custom Cells */,
				867BD9B123313EBF00B17773 /* PersonDetailViewController.swift */,
				867BD9B323313EE400B17773 /* PeopleListViewController.swift */,
			);
			path = "View Controllers";
			sourceTree = "<group>";
		};
		867BD9AE23313DEB00B17773 /* Custom Cells */ = {
			isa = PBXGroup;
			children = (
			);
			path = "Custom Cells";
			sourceTree = "<group>";
		};
		867BD9AF23313DF000B17773 /* Models */ = {
			isa = PBXGroup;
			children = (
				A57104842331453600D9BF88 /* Person.swift */,
			);
			path = Models;
			sourceTree = "<group>";
		};
		867BD9B023313DF400B17773 /* Model Controllers */ = {
			isa = PBXGroup;
			children = (
				867BD9B72331406200B17773 /* PersonController.swift */,
			);
			path = "Model Controllers";
			sourceTree = "<group>";
		};
/* End PBXGroup section */

/* Begin PBXNativeTarget section */
		867BD99523313CBB00B17773 /* AboutMePersonal */ = {
			isa = PBXNativeTarget;
			buildConfigurationList = 867BD9A823313CBC00B17773 /* Build configuration list for PBXNativeTarget "AboutMePersonal" */;
			buildPhases = (
				867BD99223313CBB00B17773 /* Sources */,
				867BD99323313CBB00B17773 /* Frameworks */,
				867BD99423313CBB00B17773 /* Resources */,
			);
			buildRules = (
			);
			dependencies = (
			);
			name = AboutMePersonal;
			productName = AboutMePersonal;
			productReference = 867BD99623313CBB00B17773 /* AboutMePersonal.app */;
			productType = "com.apple.product-type.application";
		};
/* End PBXNativeTarget section */

/* Begin PBXProject section */
		867BD98E23313CBB00B17773 /* Project object */ = {
			isa = PBXProject;
			attributes = {
				LastSwiftUpdateCheck = 1020;
				LastUpgradeCheck = 1020;
				ORGANIZATIONNAME = "Jax Tubbs";
				TargetAttributes = {
					867BD99523313CBB00B17773 = {
						CreatedOnToolsVersion = 10.2.1;
					};
				};
			};
			buildConfigurationList = 867BD99123313CBB00B17773 /* Build configuration list for PBXProject "AboutMePersonal" */;
			compatibilityVersion = "Xcode 9.3";
			developmentRegion = en;
			hasScannedForEncodings = 0;
			knownRegions = (
				en,
				Base,
			);
			mainGroup = 867BD98D23313CBB00B17773;
			productRefGroup = 867BD99723313CBB00B17773 /* Products */;
			projectDirPath = "";
			projectRoot = "";
			targets = (
				867BD99523313CBB00B17773 /* AboutMePersonal */,
			);
		};
/* End PBXProject section */

/* Begin PBXResourcesBuildPhase section */
		867BD99423313CBB00B17773 /* Resources */ = {
			isa = PBXResourcesBuildPhase;
			buildActionMask = 2147483647;
			files = (
				867BD9A423313CBC00B17773 /* LaunchScreen.storyboard in Resources */,
				867BD9A123313CBC00B17773 /* Assets.xcassets in Resources */,
				867BD9B623313F6F00B17773 /* PersonDetailView.storyboard in Resources */,
				867BD9BA2331428A00B17773 /* Main.storyboard in Resources */,
			);
			runOnlyForDeploymentPostprocessing = 0;
		};
/* End PBXResourcesBuildPhase section */

/* Begin PBXSourcesBuildPhase section */
		867BD99223313CBB00B17773 /* Sources */ = {
			isa = PBXSourcesBuildPhase;
			buildActionMask = 2147483647;
			files = (
				A57104852331453600D9BF88 /* Person.swift in Sources */,
				867BD9B82331406200B17773 /* PersonController.swift in Sources */,
				867BD9B223313EBF00B17773 /* PersonDetailViewController.swift in Sources */,
				867BD9B423313EE400B17773 /* PeopleListViewController.swift in Sources */,
				867BD99A23313CBB00B17773 /* AppDelegate.swift in Sources */,
			);
			runOnlyForDeploymentPostprocessing = 0;
		};
/* End PBXSourcesBuildPhase section */

/* Begin PBXVariantGroup section */
		867BD9A223313CBC00B17773 /* LaunchScreen.storyboard */ = {
			isa = PBXVariantGroup;
			children = (
				867BD9A323313CBC00B17773 /* Base */,
			);
			name = LaunchScreen.storyboard;
			sourceTree = "<group>";
		};
/* End PBXVariantGroup section */

/* Begin XCBuildConfiguration section */
		867BD9A623313CBC00B17773 /* Debug */ = {
			isa = XCBuildConfiguration;
			buildSettings = {
				ALWAYS_SEARCH_USER_PATHS = NO;
				CLANG_ANALYZER_NONNULL = YES;
				CLANG_ANALYZER_NUMBER_OBJECT_CONVERSION = YES_AGGRESSIVE;
				CLANG_CXX_LANGUAGE_STANDARD = "gnu++14";
				CLANG_CXX_LIBRARY = "libc++";
				CLANG_ENABLE_MODULES = YES;
				CLANG_ENABLE_OBJC_ARC = YES;
				CLANG_ENABLE_OBJC_WEAK = YES;
				CLANG_WARN_BLOCK_CAPTURE_AUTORELEASING = YES;
				CLANG_WARN_BOOL_CONVERSION = YES;
				CLANG_WARN_COMMA = YES;
				CLANG_WARN_CONSTANT_CONVERSION = YES;
				CLANG_WARN_DEPRECATED_OBJC_IMPLEMENTATIONS = YES;
				CLANG_WARN_DIRECT_OBJC_ISA_USAGE = YES_ERROR;
				CLANG_WARN_DOCUMENTATION_COMMENTS = YES;
				CLANG_WARN_EMPTY_BODY = YES;
				CLANG_WARN_ENUM_CONVERSION = YES;
				CLANG_WARN_INFINITE_RECURSION = YES;
				CLANG_WARN_INT_CONVERSION = YES;
				CLANG_WARN_NON_LITERAL_NULL_CONVERSION = YES;
				CLANG_WARN_OBJC_IMPLICIT_RETAIN_SELF = YES;
				CLANG_WARN_OBJC_LITERAL_CONVERSION = YES;
				CLANG_WARN_OBJC_ROOT_CLASS = YES_ERROR;
				CLANG_WARN_RANGE_LOOP_ANALYSIS = YES;
				CLANG_WARN_STRICT_PROTOTYPES = YES;
				CLANG_WARN_SUSPICIOUS_MOVE = YES;
				CLANG_WARN_UNGUARDED_AVAILABILITY = YES_AGGRESSIVE;
				CLANG_WARN_UNREACHABLE_CODE = YES;
				CLANG_WARN__DUPLICATE_METHOD_MATCH = YES;
				CODE_SIGN_IDENTITY = "iPhone Developer";
				COPY_PHASE_STRIP = NO;
				DEBUG_INFORMATION_FORMAT = dwarf;
				ENABLE_STRICT_OBJC_MSGSEND = YES;
				ENABLE_TESTABILITY = YES;
				GCC_C_LANGUAGE_STANDARD = gnu11;
				GCC_DYNAMIC_NO_PIC = NO;
				GCC_NO_COMMON_BLOCKS = YES;
				GCC_OPTIMIZATION_LEVEL = 0;
				GCC_PREPROCESSOR_DEFINITIONS = (
					"DEBUG=1",
					"$(inherited)",
				);
				GCC_WARN_64_TO_32_BIT_CONVERSION = YES;
				GCC_WARN_ABOUT_RETURN_TYPE = YES_ERROR;
				GCC_WARN_UNDECLARED_SELECTOR = YES;
				GCC_WARN_UNINITIALIZED_AUTOS = YES_AGGRESSIVE;
				GCC_WARN_UNUSED_FUNCTION = YES;
				GCC_WARN_UNUSED_VARIABLE = YES;
				IPHONEOS_DEPLOYMENT_TARGET = 12.2;
				MTL_ENABLE_DEBUG_INFO = INCLUDE_SOURCE;
				MTL_FAST_MATH = YES;
				ONLY_ACTIVE_ARCH = YES;
				SDKROOT = iphoneos;
				SWIFT_ACTIVE_COMPILATION_CONDITIONS = DEBUG;
				SWIFT_OPTIMIZATION_LEVEL = "-Onone";
			};
			name = Debug;
		};
		867BD9A723313CBC00B17773 /* Release */ = {
			isa = XCBuildConfiguration;
			buildSettings = {
				ALWAYS_SEARCH_USER_PATHS = NO;
				CLANG_ANALYZER_NONNULL = YES;
				CLANG_ANALYZER_NUMBER_OBJECT_CONVERSION = YES_AGGRESSIVE;
				CLANG_CXX_LANGUAGE_STANDARD = "gnu++14";
				CLANG_CXX_LIBRARY = "libc++";
				CLANG_ENABLE_MODULES = YES;
				CLANG_ENABLE_OBJC_ARC = YES;
				CLANG_ENABLE_OBJC_WEAK = YES;
				CLANG_WARN_BLOCK_CAPTURE_AUTORELEASING = YES;
				CLANG_WARN_BOOL_CONVERSION = YES;
				CLANG_WARN_COMMA = YES;
				CLANG_WARN_CONSTANT_CONVERSION = YES;
				CLANG_WARN_DEPRECATED_OBJC_IMPLEMENTATIONS = YES;
				CLANG_WARN_DIRECT_OBJC_ISA_USAGE = YES_ERROR;
				CLANG_WARN_DOCUMENTATION_COMMENTS = YES;
				CLANG_WARN_EMPTY_BODY = YES;
				CLANG_WARN_ENUM_CONVERSION = YES;
				CLANG_WARN_INFINITE_RECURSION = YES;
				CLANG_WARN_INT_CONVERSION = YES;
				CLANG_WARN_NON_LITERAL_NULL_CONVERSION = YES;
				CLANG_WARN_OBJC_IMPLICIT_RETAIN_SELF = YES;
				CLANG_WARN_OBJC_LITERAL_CONVERSION = YES;
				CLANG_WARN_OBJC_ROOT_CLASS = YES_ERROR;
				CLANG_WARN_RANGE_LOOP_ANALYSIS = YES;
				CLANG_WARN_STRICT_PROTOTYPES = YES;
				CLANG_WARN_SUSPICIOUS_MOVE = YES;
				CLANG_WARN_UNGUARDED_AVAILABILITY = YES_AGGRESSIVE;
				CLANG_WARN_UNREACHABLE_CODE = YES;
				CLANG_WARN__DUPLICATE_METHOD_MATCH = YES;
				CODE_SIGN_IDENTITY = "iPhone Developer";
				COPY_PHASE_STRIP = NO;
				DEBUG_INFORMATION_FORMAT = "dwarf-with-dsym";
				ENABLE_NS_ASSERTIONS = NO;
				ENABLE_STRICT_OBJC_MSGSEND = YES;
				GCC_C_LANGUAGE_STANDARD = gnu11;
				GCC_NO_COMMON_BLOCKS = YES;
				GCC_WARN_64_TO_32_BIT_CONVERSION = YES;
				GCC_WARN_ABOUT_RETURN_TYPE = YES_ERROR;
				GCC_WARN_UNDECLARED_SELECTOR = YES;
				GCC_WARN_UNINITIALIZED_AUTOS = YES_AGGRESSIVE;
				GCC_WARN_UNUSED_FUNCTION = YES;
				GCC_WARN_UNUSED_VARIABLE = YES;
				IPHONEOS_DEPLOYMENT_TARGET = 12.2;
				MTL_ENABLE_DEBUG_INFO = NO;
				MTL_FAST_MATH = YES;
				SDKROOT = iphoneos;
				SWIFT_COMPILATION_MODE = wholemodule;
				SWIFT_OPTIMIZATION_LEVEL = "-O";
				VALIDATE_PRODUCT = YES;
			};
			name = Release;
		};
		867BD9A923313CBC00B17773 /* Debug */ = {
			isa = XCBuildConfiguration;
			buildSettings = {
				ASSETCATALOG_COMPILER_APPICON_NAME = AppIcon;
				CODE_SIGN_STYLE = Automatic;
				DEVELOPMENT_TEAM = 2WP5X762NJ;
				INFOPLIST_FILE = "$(SRCROOT)/AboutMePersonal/Resources/Info.plist";
				LD_RUNPATH_SEARCH_PATHS = (
					"$(inherited)",
					"@executable_path/Frameworks",
				);
				PRODUCT_BUNDLE_IDENTIFIER = Decknot.AboutMePersonal;
				PRODUCT_NAME = "$(TARGET_NAME)";
				SWIFT_VERSION = 5.0;
				TARGETED_DEVICE_FAMILY = "1,2";
			};
			name = Debug;
		};
		867BD9AA23313CBC00B17773 /* Release */ = {
			isa = XCBuildConfiguration;
			buildSettings = {
				ASSETCATALOG_COMPILER_APPICON_NAME = AppIcon;
				CODE_SIGN_STYLE = Automatic;
				DEVELOPMENT_TEAM = 2WP5X762NJ;
				INFOPLIST_FILE = "$(SRCROOT)/AboutMePersonal/Resources/Info.plist";
				LD_RUNPATH_SEARCH_PATHS = (
					"$(inherited)",
					"@executable_path/Frameworks",
				);
				PRODUCT_BUNDLE_IDENTIFIER = Decknot.AboutMePersonal;
				PRODUCT_NAME = "$(TARGET_NAME)";
				SWIFT_VERSION = 5.0;
				TARGETED_DEVICE_FAMILY = "1,2";
			};
			name = Release;
		};
/* End XCBuildConfiguration section */

/* Begin XCConfigurationList section */
		867BD99123313CBB00B17773 /* Build configuration list for PBXProject "AboutMePersonal" */ = {
			isa = XCConfigurationList;
			buildConfigurations = (
				867BD9A623313CBC00B17773 /* Debug */,
				867BD9A723313CBC00B17773 /* Release */,
			);
			defaultConfigurationIsVisible = 0;
			defaultConfigurationName = Release;
		};
		867BD9A823313CBC00B17773 /* Build configuration list for PBXNativeTarget "AboutMePersonal" */ = {
			isa = XCConfigurationList;
			buildConfigurations = (
				867BD9A923313CBC00B17773 /* Debug */,
				867BD9AA23313CBC00B17773 /* Release */,
			);
			defaultConfigurationIsVisible = 0;
			defaultConfigurationName = Release;
		};
/* End XCConfigurationList section */
	};
	rootObject = 867BD98E23313CBB00B17773 /* Project object */;
}
